
Microsoft Visual Studio Solution File, Format Version 12.00
# Visual Studio Version 17
VisualStudioVersion = 17.2.32516.85
MinimumVisualStudioVersion = 10.0.40219.1
Project("{FAE04EC0-301F-11D3-BF4B-00C04F79EFBC}") = "TodoListBlazorWasm", "TodoListBlazorWasm\TodoListBlazorWasm.csproj", "{B7DCB769-4290-4A69-A50A-E69E58553086}"
EndProject
Global
	GlobalSection(SolutionConfigurationPlatforms) = preSolution
		Debug|Any CPU = Debug|Any CPU
		Release|Any CPU = Release|Any CPU
	EndGlobalSection
	GlobalSection(ProjectConfigurationPlatforms) = postSolution
		{B7DCB769-4290-4A69-A50A-E69E58553086}.Debug|Any CPU.ActiveCfg = Debug|Any CPU
		{B7DCB769-4290-4A69-A50A-E69E58553086}.Debug|Any CPU.Build.0 = Debug|Any CPU
		{B7DCB769-4290-4A69-A50A-E69E58553086}.Release|Any CPU.ActiveCfg = Release|Any CPU
		{B7DCB769-4290-4A69-A50A-E69E58553086}.Release|Any CPU.Build.0 = Release|Any CPU
	EndGlobalSection
	GlobalSection(SolutionProperties) = preSolution
		HideSolutionNode = FALSE
	EndGlobalSection
	GlobalSection(ExtensibilityGlobals) = postSolution
		SolutionGuid = {3922EFF3-A59B-4CD6-8272-D195E03CBC5E}
	EndGlobalSection
EndGlobal
